
Microsoft Visual Studio Solution File, Format Version 12.00
# Visual Studio 2013
VisualStudioVersion = 12.0.21005.1
MinimumVisualStudioVersion = 10.0.40219.1
Project("{FAE04EC0-301F-11D3-BF4B-00C04F79EFBC}") = "WindowsFormsApplication2", "WindowsFormsApplication2\WindowsFormsApplication2.csproj", "{2A0B8EBC-A09C-4AC5-A021-CF52FA14DAAA}"
EndProject
Project("{FAE04EC0-301F-11D3-BF4B-00C04F79EFBC}") = "Operaciones", "Operaciones\Operaciones.csproj", "{8040E904-8F8D-4B26-9E3C-65AE696AA16E}"
EndProject
Global
	GlobalSection(SolutionConfigurationPlatforms) = preSolution
		Debug|Any CPU = Debug|Any CPU
		Release|Any CPU = Release|Any CPU
	EndGlobalSection
	GlobalSection(ProjectConfigurationPlatforms) = postSolution
		{2A0B8EBC-A09C-4AC5-A021-CF52FA14DAAA}.Debug|Any CPU.ActiveCfg = Debug|Any CPU
		{2A0B8EBC-A09C-4AC5-A021-CF52FA14DAAA}.Debug|Any CPU.Build.0 = Debug|Any CPU
		{2A0B8EBC-A09C-4AC5-A021-CF52FA14DAAA}.Release|Any CPU.ActiveCfg = Release|Any CPU
		{2A0B8EBC-A09C-4AC5-A021-CF52FA14DAAA}.Release|Any CPU.Build.0 = Release|Any CPU
		{8040E904-8F8D-4B26-9E3C-65AE696AA16E}.Debug|Any CPU.ActiveCfg = Debug|Any CPU
		{8040E904-8F8D-4B26-9E3C-65AE696AA16E}.Debug|Any CPU.Build.0 = Debug|Any CPU
		{8040E904-8F8D-4B26-9E3C-65AE696AA16E}.Release|Any CPU.ActiveCfg = Release|Any CPU
		{8040E904-8F8D-4B26-9E3C-65AE696AA16E}.Release|Any CPU.Build.0 = Release|Any CPU
	EndGlobalSection
	GlobalSection(SolutionProperties) = preSolution
		HideSolutionNode = FALSE
	EndGlobalSection
EndGlobal
